
Microsoft Visual Studio Solution File, Format Version 12.00
# Visual Studio Version 17
VisualStudioVersion = 17.14.36109.1
MinimumVisualStudioVersion = 10.0.40219.1
Project("{FAE04EC0-301F-11D3-BF4B-00C04F79EFBC}") = "HangfireDemoSimple.JobCreator", "HangfireDemoSimple.JobCreator\HangfireDemoSimple.JobCreator.csproj", "{CFBA8518-2D47-48CE-82AF-D2B3B9B67843}"
EndProject
Project("{FAE04EC0-301F-11D3-BF4B-00C04F79EFBC}") = "HangfireDemoSimple.JobRunner", "HangfireDemoSimple.JobRunner\HangfireDemoSimple.JobRunner.csproj", "{808968CD-1E7A-414E-A606-A5E04E1E4569}"
EndProject
Project("{FAE04EC0-301F-11D3-BF4B-00C04F79EFBC}") = "HangfireDemoSimple.WebDashboard", "HangfireDemoSimple.WebDashboard\HangfireDemoSimple.WebDashboard.csproj", "{33CAF59A-3C35-4B18-9EFA-723AD4C37E29}"
EndProject
Global
	GlobalSection(SolutionConfigurationPlatforms) = preSolution
		Debug|Any CPU = Debug|Any CPU
		Release|Any CPU = Release|Any CPU
	EndGlobalSection
	GlobalSection(ProjectConfigurationPlatforms) = postSolution
		{CFBA8518-2D47-48CE-82AF-D2B3B9B67843}.Debug|Any CPU.ActiveCfg = Debug|Any CPU
		{CFBA8518-2D47-48CE-82AF-D2B3B9B67843}.Debug|Any CPU.Build.0 = Debug|Any CPU
		{CFBA8518-2D47-48CE-82AF-D2B3B9B67843}.Release|Any CPU.ActiveCfg = Release|Any CPU
		{CFBA8518-2D47-48CE-82AF-D2B3B9B67843}.Release|Any CPU.Build.0 = Release|Any CPU
		{808968CD-1E7A-414E-A606-A5E04E1E4569}.Debug|Any CPU.ActiveCfg = Debug|Any CPU
		{808968CD-1E7A-414E-A606-A5E04E1E4569}.Debug|Any CPU.Build.0 = Debug|Any CPU
		{808968CD-1E7A-414E-A606-A5E04E1E4569}.Release|Any CPU.ActiveCfg = Release|Any CPU
		{808968CD-1E7A-414E-A606-A5E04E1E4569}.Release|Any CPU.Build.0 = Release|Any CPU
		{33CAF59A-3C35-4B18-9EFA-723AD4C37E29}.Debug|Any CPU.ActiveCfg = Debug|Any CPU
		{33CAF59A-3C35-4B18-9EFA-723AD4C37E29}.Debug|Any CPU.Build.0 = Debug|Any CPU
		{33CAF59A-3C35-4B18-9EFA-723AD4C37E29}.Release|Any CPU.ActiveCfg = Release|Any CPU
		{33CAF59A-3C35-4B18-9EFA-723AD4C37E29}.Release|Any CPU.Build.0 = Release|Any CPU
	EndGlobalSection
	GlobalSection(SolutionProperties) = preSolution
		HideSolutionNode = FALSE
	EndGlobalSection
	GlobalSection(ExtensibilityGlobals) = postSolution
		SolutionGuid = {5015ECEF-97FE-4540-A864-EBC8B50D874E}
	EndGlobalSection
EndGlobal
